github.com/shopspring/decimal v1.3.1 h1:2Usl1nmF/WZucqkFZhnfFYxxxu8LG21F6nPQBE5gKV8=
github.com/shopspring/decimal v1.3.1/go.mod h1:DKyhrW/HYNuLGql+MJL6WCR6knT2jwCFRcu2hWCYk4o=
github.com/yantao1995/ds v1.1.0 h1:rYH57KGj+S5HlSnazcFSdBUBh2KuvG6mXHcCsvEc1XY=
github.com/yantao1995/ds v1.1.0/go.mod h1:Yel+hmq4pbk0VW7MTqXOmD20Jjm2X9tDNJQMKxjZunM=
